
Microsoft Visual Studio Solution File, Format Version 12.00
# Visual Studio Version 17
VisualStudioVersion = 17.3.32819.101
MinimumVisualStudioVersion = 10.0.40219.1
Project("{FAE04EC0-301F-11D3-BF4B-00C04F79EFBC}") = "P01WebApi", "P01WebApi\P01WebApi.csproj", "{27D74227-FD3F-42C8-B327-FADBFC880BB2}"
EndProject
Global
	GlobalSection(SolutionConfigurationPlatforms) = preSolution
		Debug|Any CPU = Debug|Any CPU
		Release|Any CPU = Release|Any CPU
	EndGlobalSection
	GlobalSection(ProjectConfigurationPlatforms) = postSolution
		{27D74227-FD3F-42C8-B327-FADBFC880BB2}.Debug|Any CPU.ActiveCfg = Debug|Any CPU
		{27D74227-FD3F-42C8-B327-FADBFC880BB2}.Debug|Any CPU.Build.0 = Debug|Any CPU
		{27D74227-FD3F-42C8-B327-FADBFC880BB2}.Release|Any CPU.ActiveCfg = Release|Any CPU
		{27D74227-FD3F-42C8-B327-FADBFC880BB2}.Release|Any CPU.Build.0 = Release|Any CPU
	EndGlobalSection
	GlobalSection(SolutionProperties) = preSolution
		HideSolutionNode = FALSE
	EndGlobalSection
	GlobalSection(ExtensibilityGlobals) = postSolution
		SolutionGuid = {6B9EA6CF-4A93-47E9-8101-61024CF30F40}
	EndGlobalSection
EndGlobal
